{
  "originHash" : "9e8925c2d4a43c53dfdb63029dc951ed1049455829858ad6cb1e6cc76d874d77",
  "pins" : [
    {
      "identity" : "sparkle",
      "kind" : "remoteSourceControl",
      "location" : "https://github.com/sparkle-project/Sparkle.git",
      "state" : {
        "revision" : "21d8df80440b1ca3b65fa82e40782f1e5a9e6ba2",
        "version" : "2.9.0"
      }
    },
    {
      "identity" : "swiftsoup",
      "kind" : "remoteSourceControl",
      "location" : "https://github.com/scinfu/SwiftSoup.git",
      "state" : {
        "revision" : "dee225a3da7b68d34936abc4dc8f34f2264db647",
        "version" : "2.9.6"
      }
    }
  ],
  "version" : 3
}
